{
  "pins" : [
    {
      "identity" : "bugsplatmac-sp",
      "kind" : "remoteSourceControl",
      "location" : "https://github.com/BugSplat-Git/BugSplatMac-SP",
      "state" : {
        "revision" : "fcb0384ca702847fcdc3831f8d4c3480d79b093e",
        "version" : "1.1.3"
      }
    }
  ],
  "version" : 2
}
